
Microsoft Visual Studio Solution File, Format Version 12.00
# Visual Studio Version 16
VisualStudioVersion = 16.0.30204.135
MinimumVisualStudioVersion = 10.0.40219.1
Project("{FAE04EC0-301F-11D3-BF4B-00C04F79EFBC}") = "Datagov_MVC", "Datagov_MVC.csproj", "{ED11C2DD-B183-493F-896B-5E76F681D9CF}"
EndProject
Global
	GlobalSection(SolutionConfigurationPlatforms) = preSolution
		Debug|Any CPU = Debug|Any CPU
		Release|Any CPU = Release|Any CPU
	EndGlobalSection
	GlobalSection(ProjectConfigurationPlatforms) = postSolution
		{ED11C2DD-B183-493F-896B-5E76F681D9CF}.Debug|Any CPU.ActiveCfg = Debug|Any CPU
		{ED11C2DD-B183-493F-896B-5E76F681D9CF}.Debug|Any CPU.Build.0 = Debug|Any CPU
		{ED11C2DD-B183-493F-896B-5E76F681D9CF}.Release|Any CPU.ActiveCfg = Release|Any CPU
		{ED11C2DD-B183-493F-896B-5E76F681D9CF}.Release|Any CPU.Build.0 = Release|Any CPU
	EndGlobalSection
	GlobalSection(SolutionProperties) = preSolution
		HideSolutionNode = FALSE
	EndGlobalSection
	GlobalSection(ExtensibilityGlobals) = postSolution
		SolutionGuid = {D4632512-9FA0-4BAC-8EAF-3D11AD685402}
	EndGlobalSection
EndGlobal
